
Microsoft Visual Studio Solution File, Format Version 12.00
# Visual Studio 15
VisualStudioVersion = 15.0.26124.0
MinimumVisualStudioVersion = 15.0.26124.0
Project("{2150E333-8FDC-42A3-9474-1A3956D46DE8}") = "src", "src", "{715398B0-00E2-44A9-B7CC-1A9A589E26CB}"
EndProject
Project("{F2A71F9B-5D33-465A-A702-920D77279786}") = "App", "src\App\App.fsproj", "{C7EB133F-0236-44C8-A8D3-E45E7A89D405}"
EndProject
Project("{F2A71F9B-5D33-465A-A702-920D77279786}") = "Fit", "src\Fit\Fit.fsproj", "{F21B9596-D4BE-4722-B3B5-2ACDC00330AA}"
EndProject
Project("{F2A71F9B-5D33-465A-A702-920D77279786}") = "GenerateProfileFromExcel", "src\GenerateProfileFromExcel\GenerateProfileFromExcel.fsproj", "{B8E6F3C3-2318-4CC9-8135-8E8CB50526B4}"
EndProject
Project("{F2A71F9B-5D33-465A-A702-920D77279786}") = "Parser", "src\Parser\Parser.fsproj", "{423CD29C-5A40-4C32-9821-ED89A9BE2249}"
EndProject
Project("{F2A71F9B-5D33-465A-A702-920D77279786}") = "Tests", "src\Tests\Tests.fsproj", "{A4D18210-D8EE-416E-97F3-36284124EC55}"
EndProject
Project("{F2A71F9B-5D33-465A-A702-920D77279786}") = "Fit2", "src\Fit2\Fit2.fsproj", "{95534573-3B68-4D63-8FF3-D1C78D6AEB18}"
EndProject
Global
	GlobalSection(SolutionConfigurationPlatforms) = preSolution
		Debug|Any CPU = Debug|Any CPU
		Debug|x64 = Debug|x64
		Debug|x86 = Debug|x86
		Release|Any CPU = Release|Any CPU
		Release|x64 = Release|x64
		Release|x86 = Release|x86
	EndGlobalSection
	GlobalSection(SolutionProperties) = preSolution
		HideSolutionNode = FALSE
	EndGlobalSection
	GlobalSection(ProjectConfigurationPlatforms) = postSolution
		{C7EB133F-0236-44C8-A8D3-E45E7A89D405}.Debug|Any CPU.ActiveCfg = Debug|Any CPU
		{C7EB133F-0236-44C8-A8D3-E45E7A89D405}.Debug|Any CPU.Build.0 = Debug|Any CPU
		{C7EB133F-0236-44C8-A8D3-E45E7A89D405}.Debug|x64.ActiveCfg = Debug|Any CPU
		{C7EB133F-0236-44C8-A8D3-E45E7A89D405}.Debug|x64.Build.0 = Debug|Any CPU
		{C7EB133F-0236-44C8-A8D3-E45E7A89D405}.Debug|x86.ActiveCfg = Debug|Any CPU
		{C7EB133F-0236-44C8-A8D3-E45E7A89D405}.Debug|x86.Build.0 = Debug|Any CPU
		{C7EB133F-0236-44C8-A8D3-E45E7A89D405}.Release|Any CPU.ActiveCfg = Release|Any CPU
		{C7EB133F-0236-44C8-A8D3-E45E7A89D405}.Release|Any CPU.Build.0 = Release|Any CPU
		{C7EB133F-0236-44C8-A8D3-E45E7A89D405}.Release|x64.ActiveCfg = Release|Any CPU
		{C7EB133F-0236-44C8-A8D3-E45E7A89D405}.Release|x64.Build.0 = Release|Any CPU
		{C7EB133F-0236-44C8-A8D3-E45E7A89D405}.Release|x86.ActiveCfg = Release|Any CPU
		{C7EB133F-0236-44C8-A8D3-E45E7A89D405}.Release|x86.Build.0 = Release|Any CPU
		{F21B9596-D4BE-4722-B3B5-2ACDC00330AA}.Debug|Any CPU.ActiveCfg = Debug|Any CPU
		{F21B9596-D4BE-4722-B3B5-2ACDC00330AA}.Debug|Any CPU.Build.0 = Debug|Any CPU
		{F21B9596-D4BE-4722-B3B5-2ACDC00330AA}.Debug|x64.ActiveCfg = Debug|Any CPU
		{F21B9596-D4BE-4722-B3B5-2ACDC00330AA}.Debug|x64.Build.0 = Debug|Any CPU
		{F21B9596-D4BE-4722-B3B5-2ACDC00330AA}.Debug|x86.ActiveCfg = Debug|Any CPU
		{F21B9596-D4BE-4722-B3B5-2ACDC00330AA}.Debug|x86.Build.0 = Debug|Any CPU
		{F21B9596-D4BE-4722-B3B5-2ACDC00330AA}.Release|Any CPU.ActiveCfg = Release|Any CPU
		{F21B9596-D4BE-4722-B3B5-2ACDC00330AA}.Release|Any CPU.Build.0 = Release|Any CPU
		{F21B9596-D4BE-4722-B3B5-2ACDC00330AA}.Release|x64.ActiveCfg = Release|Any CPU
		{F21B9596-D4BE-4722-B3B5-2ACDC00330AA}.Release|x64.Build.0 = Release|Any CPU
		{F21B9596-D4BE-4722-B3B5-2ACDC00330AA}.Release|x86.ActiveCfg = Release|Any CPU
		{F21B9596-D4BE-4722-B3B5-2ACDC00330AA}.Release|x86.Build.0 = Release|Any CPU
		{B8E6F3C3-2318-4CC9-8135-8E8CB50526B4}.Debug|Any CPU.ActiveCfg = Debug|Any CPU
		{B8E6F3C3-2318-4CC9-8135-8E8CB50526B4}.Debug|Any CPU.Build.0 = Debug|Any CPU
		{B8E6F3C3-2318-4CC9-8135-8E8CB50526B4}.Debug|x64.ActiveCfg = Debug|Any CPU
		{B8E6F3C3-2318-4CC9-8135-8E8CB50526B4}.Debug|x64.Build.0 = Debug|Any CPU
		{B8E6F3C3-2318-4CC9-8135-8E8CB50526B4}.Debug|x86.ActiveCfg = Debug|Any CPU
		{B8E6F3C3-2318-4CC9-8135-8E8CB50526B4}.Debug|x86.Build.0 = Debug|Any CPU
		{B8E6F3C3-2318-4CC9-8135-8E8CB50526B4}.Release|Any CPU.ActiveCfg = Release|Any CPU
		{B8E6F3C3-2318-4CC9-8135-8E8CB50526B4}.Release|Any CPU.Build.0 = Release|Any CPU
		{B8E6F3C3-2318-4CC9-8135-8E8CB50526B4}.Release|x64.ActiveCfg = Release|Any CPU
		{B8E6F3C3-2318-4CC9-8135-8E8CB50526B4}.Release|x64.Build.0 = Release|Any CPU
		{B8E6F3C3-2318-4CC9-8135-8E8CB50526B4}.Release|x86.ActiveCfg = Release|Any CPU
		{B8E6F3C3-2318-4CC9-8135-8E8CB50526B4}.Release|x86.Build.0 = Release|Any CPU
		{423CD29C-5A40-4C32-9821-ED89A9BE2249}.Debug|Any CPU.ActiveCfg = Debug|Any CPU
		{423CD29C-5A40-4C32-9821-ED89A9BE2249}.Debug|Any CPU.Build.0 = Debug|Any CPU
		{423CD29C-5A40-4C32-9821-ED89A9BE2249}.Debug|x64.ActiveCfg = Debug|Any CPU
		{423CD29C-5A40-4C32-9821-ED89A9BE2249}.Debug|x64.Build.0 = Debug|Any CPU
		{423CD29C-5A40-4C32-9821-ED89A9BE2249}.Debug|x86.ActiveCfg = Debug|Any CPU
		{423CD29C-5A40-4C32-9821-ED89A9BE2249}.Debug|x86.Build.0 = Debug|Any CPU
		{423CD29C-5A40-4C32-9821-ED89A9BE2249}.Release|Any CPU.ActiveCfg = Release|Any CPU
		{423CD29C-5A40-4C32-9821-ED89A9BE2249}.Release|Any CPU.Build.0 = Release|Any CPU
		{423CD29C-5A40-4C32-9821-ED89A9BE2249}.Release|x64.ActiveCfg = Release|Any CPU
		{423CD29C-5A40-4C32-9821-ED89A9BE2249}.Release|x64.Build.0 = Release|Any CPU
		{423CD29C-5A40-4C32-9821-ED89A9BE2249}.Release|x86.ActiveCfg = Release|Any CPU
		{423CD29C-5A40-4C32-9821-ED89A9BE2249}.Release|x86.Build.0 = Release|Any CPU
		{A4D18210-D8EE-416E-97F3-36284124EC55}.Debug|Any CPU.ActiveCfg = Debug|Any CPU
		{A4D18210-D8EE-416E-97F3-36284124EC55}.Debug|Any CPU.Build.0 = Debug|Any CPU
		{A4D18210-D8EE-416E-97F3-36284124EC55}.Debug|x64.ActiveCfg = Debug|Any CPU
		{A4D18210-D8EE-416E-97F3-36284124EC55}.Debug|x64.Build.0 = Debug|Any CPU
		{A4D18210-D8EE-416E-97F3-36284124EC55}.Debug|x86.ActiveCfg = Debug|Any CPU
		{A4D18210-D8EE-416E-97F3-36284124EC55}.Debug|x86.Build.0 = Debug|Any CPU
		{A4D18210-D8EE-416E-97F3-36284124EC55}.Release|Any CPU.ActiveCfg = Release|Any CPU
		{A4D18210-D8EE-416E-97F3-36284124EC55}.Release|Any CPU.Build.0 = Release|Any CPU
		{A4D18210-D8EE-416E-97F3-36284124EC55}.Release|x64.ActiveCfg = Release|Any CPU
		{A4D18210-D8EE-416E-97F3-36284124EC55}.Release|x64.Build.0 = Release|Any CPU
		{A4D18210-D8EE-416E-97F3-36284124EC55}.Release|x86.ActiveCfg = Release|Any CPU
		{A4D18210-D8EE-416E-97F3-36284124EC55}.Release|x86.Build.0 = Release|Any CPU
		{95534573-3B68-4D63-8FF3-D1C78D6AEB18}.Debug|Any CPU.ActiveCfg = Debug|Any CPU
		{95534573-3B68-4D63-8FF3-D1C78D6AEB18}.Debug|Any CPU.Build.0 = Debug|Any CPU
		{95534573-3B68-4D63-8FF3-D1C78D6AEB18}.Debug|x64.ActiveCfg = Debug|Any CPU
		{95534573-3B68-4D63-8FF3-D1C78D6AEB18}.Debug|x64.Build.0 = Debug|Any CPU
		{95534573-3B68-4D63-8FF3-D1C78D6AEB18}.Debug|x86.ActiveCfg = Debug|Any CPU
		{95534573-3B68-4D63-8FF3-D1C78D6AEB18}.Debug|x86.Build.0 = Debug|Any CPU
		{95534573-3B68-4D63-8FF3-D1C78D6AEB18}.Release|Any CPU.ActiveCfg = Release|Any CPU
		{95534573-3B68-4D63-8FF3-D1C78D6AEB18}.Release|Any CPU.Build.0 = Release|Any CPU
		{95534573-3B68-4D63-8FF3-D1C78D6AEB18}.Release|x64.ActiveCfg = Release|Any CPU
		{95534573-3B68-4D63-8FF3-D1C78D6AEB18}.Release|x64.Build.0 = Release|Any CPU
		{95534573-3B68-4D63-8FF3-D1C78D6AEB18}.Release|x86.ActiveCfg = Release|Any CPU
		{95534573-3B68-4D63-8FF3-D1C78D6AEB18}.Release|x86.Build.0 = Release|Any CPU
	EndGlobalSection
	GlobalSection(NestedProjects) = preSolution
		{C7EB133F-0236-44C8-A8D3-E45E7A89D405} = {715398B0-00E2-44A9-B7CC-1A9A589E26CB}
		{F21B9596-D4BE-4722-B3B5-2ACDC00330AA} = {715398B0-00E2-44A9-B7CC-1A9A589E26CB}
		{B8E6F3C3-2318-4CC9-8135-8E8CB50526B4} = {715398B0-00E2-44A9-B7CC-1A9A589E26CB}
		{423CD29C-5A40-4C32-9821-ED89A9BE2249} = {715398B0-00E2-44A9-B7CC-1A9A589E26CB}
		{A4D18210-D8EE-416E-97F3-36284124EC55} = {715398B0-00E2-44A9-B7CC-1A9A589E26CB}
		{95534573-3B68-4D63-8FF3-D1C78D6AEB18} = {715398B0-00E2-44A9-B7CC-1A9A589E26CB}
	EndGlobalSection
EndGlobal
